// !$*UTF8*$!
{
	archiveVersion = 1;
	classes = {
	};
	objectVersion = 46;
	objects = {

/* Begin PBXBuildFile section */
		0344EEF019BA012400926EFE /* RFSTwitterViewModel.m in Sources */ = {isa = PBXBuildFile; fileRef = 0344EEEF19BA012400926EFE /* RFSTwitterViewModel.m */; };
		035BD73219AE7059000BBB93 /* Foundation.framework in Frameworks */ = {isa = PBXBuildFile; fileRef = 035BD73119AE7059000BBB93 /* Foundation.framework */; };
		035BD73419AE7059000BBB93 /* CoreGraphics.framework in Frameworks */ = {isa = PBXBuildFile; fileRef = 035BD73319AE7059000BBB93 /* CoreGraphics.framework */; };
		035BD73619AE7059000BBB93 /* UIKit.framework in Frameworks */ = {isa = PBXBuildFile; fileRef = 035BD73519AE7059000BBB93 /* UIKit.framework */; };
		035BD73C19AE7059000BBB93 /* InfoPlist.strings in Resources */ = {isa = PBXBuildFile; fileRef = 035BD73A19AE7059000BBB93 /* InfoPlist.strings */; };
		035BD73E19AE7059000BBB93 /* main.m in Sources */ = {isa = PBXBuildFile; fileRef = 035BD73D19AE7059000BBB93 /* main.m */; };
		035BD74219AE7059000BBB93 /* RFSAppDelegate.m in Sources */ = {isa = PBXBuildFile; fileRef = 035BD74119AE7059000BBB93 /* RFSAppDelegate.m */; };
		035BD74519AE7059000BBB93 /* Main.storyboard in Resources */ = {isa = PBXBuildFile; fileRef = 035BD74319AE7059000BBB93 /* Main.storyboard */; };
		035BD74819AE7059000BBB93 /* RFSViewController.m in Sources */ = {isa = PBXBuildFile; fileRef = 035BD74719AE7059000BBB93 /* RFSViewController.m */; };
		035BD74A19AE7059000BBB93 /* Images.xcassets in Resources */ = {isa = PBXBuildFile; fileRef = 035BD74919AE7059000BBB93 /* Images.xcassets */; };
		035BD75119AE7059000BBB93 /* XCTest.framework in Frameworks */ = {isa = PBXBuildFile; fileRef = 035BD75019AE7059000BBB93 /* XCTest.framework */; };
		035BD75219AE7059000BBB93 /* Foundation.framework in Frameworks */ = {isa = PBXBuildFile; fileRef = 035BD73119AE7059000BBB93 /* Foundation.framework */; };
		035BD75319AE7059000BBB93 /* UIKit.framework in Frameworks */ = {isa = PBXBuildFile; fileRef = 035BD73519AE7059000BBB93 /* UIKit.framework */; };
		035BD75B19AE7059000BBB93 /* InfoPlist.strings in Resources */ = {isa = PBXBuildFile; fileRef = 035BD75919AE7059000BBB93 /* InfoPlist.strings */; };
		035BD75D19AE7059000BBB93 /* YATCTests.m in Sources */ = {isa = PBXBuildFile; fileRef = 035BD75C19AE7059000BBB93 /* YATCTests.m */; };
/* End PBXBuildFile section */

/* Begin PBXContainerItemProxy section */
		035BD75419AE7059000BBB93 /* PBXContainerItemProxy */ = {
			isa = PBXContainerItemProxy;
			containerPortal = 035BD72619AE7059000BBB93 /* Project object */;
			proxyType = 1;
			remoteGlobalIDString = 035BD72D19AE7059000BBB93;
			remoteInfo = YATC;
		};
/* End PBXContainerItemProxy section */

/* Begin PBXFileReference section */
		0344EEEE19BA012400926EFE /* RFSTwitterViewModel.h */ = {isa = PBXFileReference; fileEncoding = 4; lastKnownFileType = sourcecode.c.h; path = RFSTwitterViewModel.h; sourceTree = "<group>"; };
		0344EEEF19BA012400926EFE /* RFSTwitterViewModel.m */ = {isa = PBXFileReference; fileEncoding = 4; lastKnownFileType = sourcecode.c.objc; path = RFSTwitterViewModel.m; sourceTree = "<group>"; };
		035BD72E19AE7059000BBB93 /* YATC.app */ = {isa = PBXFileReference; explicitFileType = wrapper.application; includeInIndex = 0; path = YATC.app; sourceTree = BUILT_PRODUCTS_DIR; };
		035BD73119AE7059000BBB93 /* Foundation.framework */ = {isa = PBXFileReference; lastKnownFileType = wrapper.framework; name = Foundation.framework; path = System/Library/Frameworks/Foundation.framework; sourceTree = SDKROOT; };
		035BD73319AE7059000BBB93 /* CoreGraphics.framework */ = {isa = PBXFileReference; lastKnownFileType = wrapper.framework; name = CoreGraphics.framework; path = System/Library/Frameworks/CoreGraphics.framework; sourceTree = SDKROOT; };
		035BD73519AE7059000BBB93 /* UIKit.framework */ = {isa = PBXFileReference; lastKnownFileType = wrapper.framework; name = UIKit.framework; path = System/Library/Frameworks/UIKit.framework; sourceTree = SDKROOT; };
		035BD73919AE7059000BBB93 /* YATC-Info.plist */ = {isa = PBXFileReference; lastKnownFileType = text.plist.xml; path = "YATC-Info.plist"; sourceTree = "<group>"; };
		035BD73B19AE7059000BBB93 /* en */ = {isa = PBXFileReference; lastKnownFileType = text.plist.strings; name = en; path = en.lproj/InfoPlist.strings; sourceTree = "<group>"; };
		035BD73D19AE7059000BBB93 /* main.m */ = {isa = PBXFileReference; lastKnownFileType = sourcecode.c.objc; path = main.m; sourceTree = "<group>"; };
		035BD73F19AE7059000BBB93 /* YATC-Prefix.pch */ = {isa = PBXFileReference; lastKnownFileType = sourcecode.c.h; path = "YATC-Prefix.pch"; sourceTree = "<group>"; };
		035BD74019AE7059000BBB93 /* RFSAppDelegate.h */ = {isa = PBXFileReference; lastKnownFileType = sourcecode.c.h; path = RFSAppDelegate.h; sourceTree = "<group>"; };
		035BD74119AE7059000BBB93 /* RFSAppDelegate.m */ = {isa = PBXFileReference; lastKnownFileType = sourcecode.c.objc; path = RFSAppDelegate.m; sourceTree = "<group>"; };
		035BD74419AE7059000BBB93 /* Base */ = {isa = PBXFileReference; lastKnownFileType = file.storyboard; name = Base; path = Base.lproj/Main.storyboard; sourceTree = "<group>"; };
		035BD74619AE7059000BBB93 /* RFSViewController.h */ = {isa = PBXFileReference; lastKnownFileType = sourcecode.c.h; path = RFSViewController.h; sourceTree = "<group>"; };
		035BD74719AE7059000BBB93 /* RFSViewController.m */ = {isa = PBXFileReference; lastKnownFileType = sourcecode.c.objc; path = RFSViewController.m; sourceTree = "<group>"; };
		035BD74919AE7059000BBB93 /* Images.xcassets */ = {isa = PBXFileReference; lastKnownFileType = folder.assetcatalog; path = Images.xcassets; sourceTree = "<group>"; };
		035BD74F19AE7059000BBB93 /* YATCTests.xctest */ = {isa = PBXFileReference; explicitFileType = wrapper.cfbundle; includeInIndex = 0; path = YATCTests.xctest; sourceTree = BUILT_PRODUCTS_DIR; };
		035BD75019AE7059000BBB93 /* XCTest.framework */ = {isa = PBXFileReference; lastKnownFileType = wrapper.framework; name = XCTest.framework; path = Library/Frameworks/XCTest.framework; sourceTree = DEVELOPER_DIR; };
		035BD75819AE7059000BBB93 /* YATCTests-Info.plist */ = {isa = PBXFileReference; lastKnownFileType = text.plist.xml; path = "YATCTests-Info.plist"; sourceTree = "<group>"; };
		035BD75A19AE7059000BBB93 /* en */ = {isa = PBXFileReference; lastKnownFileType = text.plist.strings; name = en; path = en.lproj/InfoPlist.strings; sourceTree = "<group>"; };
		035BD75C19AE7059000BBB93 /* YATCTests.m */ = {isa = PBXFileReference; lastKnownFileType = sourcecode.c.objc; path = YATCTests.m; sourceTree = "<group>"; };
/* End PBXFileReference section */

/* Begin PBXFrameworksBuildPhase section */
		035BD72B19AE7059000BBB93 /* Frameworks */ = {
			isa = PBXFrameworksBuildPhase;
			buildActionMask = 2147483647;
			files = (
				035BD73419AE7059000BBB93 /* CoreGraphics.framework in Frameworks */,
				035BD73619AE7059000BBB93 /* UIKit.framework in Frameworks */,
				035BD73219AE7059000BBB93 /* Foundation.framework in Frameworks */,
			);
			runOnlyForDeploymentPostprocessing = 0;
		};
		035BD74C19AE7059000BBB93 /* Frameworks */ = {
			isa = PBXFrameworksBuildPhase;
			buildActionMask = 2147483647;
			files = (
				035BD75119AE7059000BBB93 /* XCTest.framework in Frameworks */,
				035BD75319AE7059000BBB93 /* UIKit.framework in Frameworks */,
				035BD75219AE7059000BBB93 /* Foundation.framework in Frameworks */,
			);
			runOnlyForDeploymentPostprocessing = 0;
		};
/* End PBXFrameworksBuildPhase section */

/* Begin PBXGroup section */
		035BD72519AE7059000BBB93 = {
			isa = PBXGroup;
			children = (
				035BD73719AE7059000BBB93 /* YATC */,
				035BD75619AE7059000BBB93 /* YATCTests */,
				035BD73019AE7059000BBB93 /* Frameworks */,
				035BD72F19AE7059000BBB93 /* Products */,
			);
			sourceTree = "<group>";
		};
		035BD72F19AE7059000BBB93 /* Products */ = {
			isa = PBXGroup;
			children = (
				035BD72E19AE7059000BBB93 /* YATC.app */,
				035BD74F19AE7059000BBB93 /* YATCTests.xctest */,
			);
			name = Products;
			sourceTree = "<group>";
		};
		035BD73019AE7059000BBB93 /* Frameworks */ = {
			isa = PBXGroup;
			children = (
				035BD73119AE7059000BBB93 /* Foundation.framework */,
				035BD73319AE7059000BBB93 /* CoreGraphics.framework */,
				035BD73519AE7059000BBB93 /* UIKit.framework */,
				035BD75019AE7059000BBB93 /* XCTest.framework */,
			);
			name = Frameworks;
			sourceTree = "<group>";
		};
		035BD73719AE7059000BBB93 /* YATC */ = {
			isa = PBXGroup;
			children = (
				035BD74019AE7059000BBB93 /* RFSAppDelegate.h */,
				035BD74119AE7059000BBB93 /* RFSAppDelegate.m */,
				035BD74319AE7059000BBB93 /* Main.storyboard */,
				035BD74619AE7059000BBB93 /* RFSViewController.h */,
				035BD74719AE7059000BBB93 /* RFSViewController.m */,
				0344EEEE19BA012400926EFE /* RFSTwitterViewModel.h */,
				0344EEEF19BA012400926EFE /* RFSTwitterViewModel.m */,
				035BD74919AE7059000BBB93 /* Images.xcassets */,
				035BD73819AE7059000BBB93 /* Supporting Files */,
			);
			path = YATC;
			sourceTree = "<group>";
		};
		035BD73819AE7059000BBB93 /* Supporting Files */ = {
			isa = PBXGroup;
			children = (
				035BD73919AE7059000BBB93 /* YATC-Info.plist */,
				035BD73A19AE7059000BBB93 /* InfoPlist.strings */,
				035BD73D19AE7059000BBB93 /* main.m */,
				035BD73F19AE7059000BBB93 /* YATC-Prefix.pch */,
			);
			name = "Supporting Files";
			sourceTree = "<group>";
		};
		035BD75619AE7059000BBB93 /* YATCTests */ = {
			isa = PBXGroup;
			children = (
				035BD75C19AE7059000BBB93 /* YATCTests.m */,
				035BD75719AE7059000BBB93 /* Supporting Files */,
			);
			path = YATCTests;
			sourceTree = "<group>";
		};
		035BD75719AE7059000BBB93 /* Supporting Files */ = {
			isa = PBXGroup;
			children = (
				035BD75819AE7059000BBB93 /* YATCTests-Info.plist */,
				035BD75919AE7059000BBB93 /* InfoPlist.strings */,
			);
			name = "Supporting Files";
			sourceTree = "<group>";
		};
/* End PBXGroup section */

/* Begin PBXNativeTarget section */
		035BD72D19AE7059000BBB93 /* YATC */ = {
			isa = PBXNativeTarget;
			buildConfigurationList = 035BD76019AE7059000BBB93 /* Build configuration list for PBXNativeTarget "YATC" */;
			buildPhases = (
				035BD72A19AE7059000BBB93 /* Sources */,
				035BD72B19AE7059000BBB93 /* Frameworks */,
				035BD72C19AE7059000BBB93 /* Resources */,
			);
			buildRules = (
			);
			dependencies = (
			);
			name = YATC;
			productName = YATC;
			productReference = 035BD72E19AE7059000BBB93 /* YATC.app */;
			productType = "com.apple.product-type.application";
		};
		035BD74E19AE7059000BBB93 /* YATCTests */ = {
			isa = PBXNativeTarget;
			buildConfigurationList = 035BD76319AE7059000BBB93 /* Build configuration list for PBXNativeTarget "YATCTests" */;
			buildPhases = (
				035BD74B19AE7059000BBB93 /* Sources */,
				035BD74C19AE7059000BBB93 /* Frameworks */,
				035BD74D19AE7059000BBB93 /* Resources */,
			);
			buildRules = (
			);
			dependencies = (
				035BD75519AE7059000BBB93 /* PBXTargetDependency */,
			);
			name = YATCTests;
			productName = YATCTests;
			productReference = 035BD74F19AE7059000BBB93 /* YATCTests.xctest */;
			productType = "com.apple.product-type.bundle.unit-test";
		};
/* End PBXNativeTarget section */

/* Begin PBXProject section */
		035BD72619AE7059000BBB93 /* Project object */ = {
			isa = PBXProject;
			attributes = {
				CLASSPREFIX = RFS;
				LastUpgradeCheck = 0510;
				ORGANIZATIONNAME = "Roadfire Software";
				TargetAttributes = {
					035BD74E19AE7059000BBB93 = {
						TestTargetID = 035BD72D19AE7059000BBB93;
					};
				};
			};
			buildConfigurationList = 035BD72919AE7059000BBB93 /* Build configuration list for PBXProject "YATC" */;
			compatibilityVersion = "Xcode 3.2";
			developmentRegion = English;
			hasScannedForEncodings = 0;
			knownRegions = (
				en,
				Base,
			);
			mainGroup = 035BD72519AE7059000BBB93;
			productRefGroup = 035BD72F19AE7059000BBB93 /* Products */;
			projectDirPath = "";
			projectRoot = "";
			targets = (
				035BD72D19AE7059000BBB93 /* YATC */,
				035BD74E19AE7059000BBB93 /* YATCTests */,
			);
		};
/* End PBXProject section */

/* Begin PBXResourcesBuildPhase section */
		035BD72C19AE7059000BBB93 /* Resources */ = {
			isa = PBXResourcesBuildPhase;
			buildActionMask = 2147483647;
			files = (
				035BD74A19AE7059000BBB93 /* Images.xcassets in Resources */,
				035BD73C19AE7059000BBB93 /* InfoPlist.strings in Resources */,
				035BD74519AE7059000BBB93 /* Main.storyboard in Resources */,
			);
			runOnlyForDeploymentPostprocessing = 0;
		};
		035BD74D19AE7059000BBB93 /* Resources */ = {
			isa = PBXResourcesBuildPhase;
			buildActionMask = 2147483647;
			files = (
				035BD75B19AE7059000BBB93 /* InfoPlist.strings in Resources */,
			);
			runOnlyForDeploymentPostprocessing = 0;
		};
/* End PBXResourcesBuildPhase section */

/* Begin PBXSourcesBuildPhase section */
		035BD72A19AE7059000BBB93 /* Sources */ = {
			isa = PBXSourcesBuildPhase;
			buildActionMask = 2147483647;
			files = (
				035BD74219AE7059000BBB93 /* RFSAppDelegate.m in Sources */,
				035BD73E19AE7059000BBB93 /* main.m in Sources */,
				0344EEF019BA012400926EFE /* RFSTwitterViewModel.m in Sources */,
				035BD74819AE7059000BBB93 /* RFSViewController.m in Sources */,
			);
			runOnlyForDeploymentPostprocessing = 0;
		};
		035BD74B19AE7059000BBB93 /* Sources */ = {
			isa = PBXSourcesBuildPhase;
			buildActionMask = 2147483647;
			files = (
				035BD75D19AE7059000BBB93 /* YATCTests.m in Sources */,
			);
			runOnlyForDeploymentPostprocessing = 0;
		};
/* End PBXSourcesBuildPhase section */

/* Begin PBXTargetDependency section */
		035BD75519AE7059000BBB93 /* PBXTargetDependency */ = {
			isa = PBXTargetDependency;
			target = 035BD72D19AE7059000BBB93 /* YATC */;
			targetProxy = 035BD75419AE7059000BBB93 /* PBXContainerItemProxy */;
		};
/* End PBXTargetDependency section */

/* Begin PBXVariantGroup section */
		035BD73A19AE7059000BBB93 /* InfoPlist.strings */ = {
			isa = PBXVariantGroup;
			children = (
				035BD73B19AE7059000BBB93 /* en */,
			);
			name = InfoPlist.strings;
			sourceTree = "<group>";
		};
		035BD74319AE7059000BBB93 /* Main.storyboard */ = {
			isa = PBXVariantGroup;
			children = (
				035BD74419AE7059000BBB93 /* Base */,
			);
			name = Main.storyboard;
			sourceTree = "<group>";
		};
		035BD75919AE7059000BBB93 /* InfoPlist.strings */ = {
			isa = PBXVariantGroup;
			children = (
				035BD75A19AE7059000BBB93 /* en */,
			);
			name = InfoPlist.strings;
			sourceTree = "<group>";
		};
/* End PBXVariantGroup section */

/* Begin XCBuildConfiguration section */
		035BD75E19AE7059000BBB93 /* Debug */ = {
			isa = XCBuildConfiguration;
			buildSettings = {
				ALWAYS_SEARCH_USER_PATHS = NO;
				CLANG_CXX_LANGUAGE_STANDARD = "gnu++0x";
				CLANG_CXX_LIBRARY = "libc++";
				CLANG_ENABLE_MODULES = YES;
				CLANG_ENABLE_OBJC_ARC = YES;
				CLANG_WARN_BOOL_CONVERSION = YES;
				CLANG_WARN_CONSTANT_CONVERSION = YES;
				CLANG_WARN_DIRECT_OBJC_ISA_USAGE = YES_ERROR;
				CLANG_WARN_EMPTY_BODY = YES;
				CLANG_WARN_ENUM_CONVERSION = YES;
				CLANG_WARN_INT_CONVERSION = YES;
				CLANG_WARN_OBJC_ROOT_CLASS = YES_ERROR;
				CLANG_WARN__DUPLICATE_METHOD_MATCH = YES;
				"CODE_SIGN_IDENTITY[sdk=iphoneos*]" = "iPhone Developer";
				COPY_PHASE_STRIP = NO;
				GCC_C_LANGUAGE_STANDARD = gnu99;
				GCC_DYNAMIC_NO_PIC = NO;
				GCC_OPTIMIZATION_LEVEL = 0;
				GCC_PREPROCESSOR_DEFINITIONS = (
					"DEBUG=1",
					"$(inherited)",
				);
				GCC_SYMBOLS_PRIVATE_EXTERN = NO;
				GCC_WARN_64_TO_32_BIT_CONVERSION = YES;
				GCC_WARN_ABOUT_RETURN_TYPE = YES_ERROR;
				GCC_WARN_UNDECLARED_SELECTOR = YES;
				GCC_WARN_UNINITIALIZED_AUTOS = YES_AGGRESSIVE;
				GCC_WARN_UNUSED_FUNCTION = YES;
				GCC_WARN_UNUSED_VARIABLE = YES;
				IPHONEOS_DEPLOYMENT_TARGET = 7.1;
				ONLY_ACTIVE_ARCH = YES;
				SDKROOT = iphoneos;
			};
			name = Debug;
		};
		035BD75F19AE7059000BBB93 /* Release */ = {
			isa = XCBuildConfiguration;
			buildSettings = {
				ALWAYS_SEARCH_USER_PATHS = NO;
				CLANG_CXX_LANGUAGE_STANDARD = "gnu++0x";
				CLANG_CXX_LIBRARY = "libc++";
				CLANG_ENABLE_MODULES = YES;
				CLANG_ENABLE_OBJC_ARC = YES;
				CLANG_WARN_BOOL_CONVERSION = YES;
				CLANG_WARN_CONSTANT_CONVERSION = YES;
				CLANG_WARN_DIRECT_OBJC_ISA_USAGE = YES_ERROR;
				CLANG_WARN_EMPTY_BODY = YES;
				CLANG_WARN_ENUM_CONVERSION = YES;
				CLANG_WARN_INT_CONVERSION = YES;
				CLANG_WARN_OBJC_ROOT_CLASS = YES_ERROR;
				CLANG_WARN__DUPLICATE_METHOD_MATCH = YES;
				"CODE_SIGN_IDENTITY[sdk=iphoneos*]" = "iPhone Developer";
				COPY_PHASE_STRIP = YES;
				ENABLE_NS_ASSERTIONS = NO;
				GCC_C_LANGUAGE_STANDARD = gnu99;
				GCC_WARN_64_TO_32_BIT_CONVERSION = YES;
				GCC_WARN_ABOUT_RETURN_TYPE = YES_ERROR;
				GCC_WARN_UNDECLARED_SELECTOR = YES;
				GCC_WARN_UNINITIALIZED_AUTOS = YES_AGGRESSIVE;
				GCC_WARN_UNUSED_FUNCTION = YES;
				GCC_WARN_UNUSED_VARIABLE = YES;
				IPHONEOS_DEPLOYMENT_TARGET = 7.1;
				SDKROOT = iphoneos;
				VALIDATE_PRODUCT = YES;
			};
			name = Release;
		};
		035BD76119AE7059000BBB93 /* Debug */ = {
			isa = XCBuildConfiguration;
			buildSettings = {
				ASSETCATALOG_COMPILER_APPICON_NAME = AppIcon;
				ASSETCATALOG_COMPILER_LAUNCHIMAGE_NAME = LaunchImage;
				GCC_PRECOMPILE_PREFIX_HEADER = YES;
				GCC_PREFIX_HEADER = "YATC/YATC-Prefix.pch";
				INFOPLIST_FILE = "YATC/YATC-Info.plist";
				PRODUCT_NAME = "$(TARGET_NAME)";
				WRAPPER_EXTENSION = app;
			};
			name = Debug;
		};
		035BD76219AE7059000BBB93 /* Release */ = {
			isa = XCBuildConfiguration;
			buildSettings = {
				ASSETCATALOG_COMPILER_APPICON_NAME = AppIcon;
				ASSETCATALOG_COMPILER_LAUNCHIMAGE_NAME = LaunchImage;
				GCC_PRECOMPILE_PREFIX_HEADER = YES;
				GCC_PREFIX_HEADER = "YATC/YATC-Prefix.pch";
				INFOPLIST_FILE = "YATC/YATC-Info.plist";
				PRODUCT_NAME = "$(TARGET_NAME)";
				WRAPPER_EXTENSION = app;
			};
			name = Release;
		};
		035BD76419AE7059000BBB93 /* Debug */ = {
			isa = XCBuildConfiguration;
			buildSettings = {
				BUNDLE_LOADER = "$(BUILT_PRODUCTS_DIR)/YATC.app/YATC";
				FRAMEWORK_SEARCH_PATHS = (
					"$(SDKROOT)/Developer/Library/Frameworks",
					"$(inherited)",
					"$(DEVELOPER_FRAMEWORKS_DIR)",
				);
				GCC_PRECOMPILE_PREFIX_HEADER = YES;
				GCC_PREFIX_HEADER = "YATC/YATC-Prefix.pch";
				GCC_PREPROCESSOR_DEFINITIONS = (
					"DEBUG=1",
					"$(inherited)",
				);
				INFOPLIST_FILE = "YATCTests/YATCTests-Info.plist";
				PRODUCT_NAME = "$(TARGET_NAME)";
				TEST_HOST = "$(BUNDLE_LOADER)";
				WRAPPER_EXTENSION = xctest;
			};
			name = Debug;
		};
		035BD76519AE7059000BBB93 /* Release */ = {
			isa = XCBuildConfiguration;
			buildSettings = {
				BUNDLE_LOADER = "$(BUILT_PRODUCTS_DIR)/YATC.app/YATC";
				FRAMEWORK_SEARCH_PATHS = (
					"$(SDKROOT)/Developer/Library/Frameworks",
					"$(inherited)",
					"$(DEVELOPER_FRAMEWORKS_DIR)",
				);
				GCC_PRECOMPILE_PREFIX_HEADER = YES;
				GCC_PREFIX_HEADER = "YATC/YATC-Prefix.pch";
				INFOPLIST_FILE = "YATCTests/YATCTests-Info.plist";
				PRODUCT_NAME = "$(TARGET_NAME)";
				TEST_HOST = "$(BUNDLE_LOADER)";
				WRAPPER_EXTENSION = xctest;
			};
			name = Release;
		};
/* End XCBuildConfiguration section */

/* Begin XCConfigurationList section */
		035BD72919AE7059000BBB93 /* Build configuration list for PBXProject "YATC" */ = {
			isa = XCConfigurationList;
			buildConfigurations = (
				035BD75E19AE7059000BBB93 /* Debug */,
				035BD75F19AE7059000BBB93 /* Release */,
			);
			defaultConfigurationIsVisible = 0;
			defaultConfigurationName = Release;
		};
		035BD76019AE7059000BBB93 /* Build configuration list for PBXNativeTarget "YATC" */ = {
			isa = XCConfigurationList;
			buildConfigurations = (
				035BD76119AE7059000BBB93 /* Debug */,
				035BD76219AE7059000BBB93 /* Release */,
			);
			defaultConfigurationIsVisible = 0;
			defaultConfigurationName = Release;
		};
		035BD76319AE7059000BBB93 /* Build configuration list for PBXNativeTarget "YATCTests" */ = {
			isa = XCConfigurationList;
			buildConfigurations = (
				035BD76419AE7059000BBB93 /* Debug */,
				035BD76519AE7059000BBB93 /* Release */,
			);
			defaultConfigurationIsVisible = 0;
			defaultConfigurationName = Release;
		};
/* End XCConfigurationList section */
	};
	rootObject = 035BD72619AE7059000BBB93 /* Project object */;
}
